{
  "version": "4",
  "specifiers": {
    "jsr:@std/dotenv@*": "0.225.2"
  },
  "jsr": {
    "@std/dotenv@0.225.2": {
      "integrity": "e2025dce4de6c7bca21dece8baddd4262b09d5187217e231b033e088e0c4dd23"
    }
  },
  "workspace": {
    "packageJson": {
      "dependencies": [
        "npm:@tsconfig/node18@^18.2.4",
        "npm:@types/bcrypt@^5.0.2",
        "npm:@types/cookie-parser@^1.4.7",
        "npm:@types/cors@^2.8.17",
        "npm:@types/express@^4.17.21",
        "npm:@types/jsonwebtoken@^9.0.7",
        "npm:@types/node@^22.5.5",
        "npm:bcrypt@^5.1.1",
        "npm:cookie-parser@^1.4.6",
        "npm:cors@^2.8.5",
        "npm:dotenv@^16.4.5",
        "npm:express@^4.21.0",
        "npm:jsonwebtoken@^9.0.2",
        "npm:mysql2@^3.11.3",
        "npm:sequelize@^6.37.3"
      ]
    }
  }
}
